
Microsoft Visual Studio Solution File, Format Version 12.00
# Visual Studio Version 17
VisualStudioVersion = 17.9.34723.18
MinimumVisualStudioVersion = 10.0.40219.1
Project("{9A19103F-16F7-4668-BE54-9A1E7A4F7556}") = "SiteOverloader", "SiteOverloader\SiteOverloader.csproj", "{A97245EC-0B0C-4EAD-B647-C7B463DF5EC0}"
EndProject
Project("{FAE04EC0-301F-11D3-BF4B-00C04F79EFBC}") = "SiteCrawlerAdvance", "SiteCrawlerAdvance\SiteCrawlerAdvance.csproj", "{DF9EC3FA-533F-482E-B7FD-57AC8449B961}"
EndProject
Global
	GlobalSection(SolutionConfigurationPlatforms) = preSolution
		Debug|Any CPU = Debug|Any CPU
		Release|Any CPU = Release|Any CPU
	EndGlobalSection
	GlobalSection(ProjectConfigurationPlatforms) = postSolution
		{A97245EC-0B0C-4EAD-B647-C7B463DF5EC0}.Debug|Any CPU.ActiveCfg = Debug|Any CPU
		{A97245EC-0B0C-4EAD-B647-C7B463DF5EC0}.Debug|Any CPU.Build.0 = Debug|Any CPU
		{A97245EC-0B0C-4EAD-B647-C7B463DF5EC0}.Release|Any CPU.ActiveCfg = Release|Any CPU
		{A97245EC-0B0C-4EAD-B647-C7B463DF5EC0}.Release|Any CPU.Build.0 = Release|Any CPU
		{DF9EC3FA-533F-482E-B7FD-57AC8449B961}.Debug|Any CPU.ActiveCfg = Debug|Any CPU
		{DF9EC3FA-533F-482E-B7FD-57AC8449B961}.Debug|Any CPU.Build.0 = Debug|Any CPU
		{DF9EC3FA-533F-482E-B7FD-57AC8449B961}.Release|Any CPU.ActiveCfg = Release|Any CPU
		{DF9EC3FA-533F-482E-B7FD-57AC8449B961}.Release|Any CPU.Build.0 = Release|Any CPU
	EndGlobalSection
	GlobalSection(SolutionProperties) = preSolution
		HideSolutionNode = FALSE
	EndGlobalSection
	GlobalSection(ExtensibilityGlobals) = postSolution
		SolutionGuid = {1F810847-929C-4122-998F-871807667467}
	EndGlobalSection
EndGlobal
